{
    "version": 3,
    "terraform_version": "0.11.3",
    "serial": 2,
    "lineage": "c30af2a5-fad6-4b70-b3e0-e67ea74f5960",
    "modules": [
        {
            "path": [
                "root"
            ],
            "outputs": {
                "instance_ips": {
                    "sensitive": false,
                    "type": "list",
                    "value": [
                        "52.186.67.172",
                        "52.186.68.172",
                        "52.186.70.145"
                    ]
                }
            },
            "resources": {
                "azurerm_network_interface.nic.0": {
                    "type": "azurerm_network_interface",
                    "depends_on": [
                        "azurerm_network_security_group.sg",
                        "azurerm_public_ip.pip.*",
                        "azurerm_resource_group.rg",
                        "azurerm_subnet.subnet"
                    ],
                    "primary": {
                        "id": "/subscriptions/b02e675a-cee0-49bd-a056-daa7ed05bf4e/resourceGroups/nationalparks-scottford-rg/providers/Microsoft.Network/networkInterfaces/nationalparks-nic0",
                        "attributes": {
                            "applied_dns_servers.#": "0",
                            "dns_servers.#": "0",
                            "enable_accelerated_networking": "false",
                            "enable_ip_forwarding": "false",
                            "id": "/subscriptions/b02e675a-cee0-49bd-a056-daa7ed05bf4e/resourceGroups/nationalparks-scottford-rg/providers/Microsoft.Network/networkInterfaces/nationalparks-nic0",
                            "internal_dns_name_label": "",
                            "ip_configuration.#": "1",
                            "ip_configuration.0.load_balancer_backend_address_pools_ids.#": "0",
                            "ip_configuration.0.load_balancer_inbound_nat_rules_ids.#": "0",
                            "ip_configuration.0.name": "ipconfig0",
                            "ip_configuration.0.primary": "true",
                            "ip_configuration.0.private_ip_address": "",
                            "ip_configuration.0.private_ip_address_allocation": "dynamic",
                            "ip_configuration.0.public_ip_address_id": "/subscriptions/b02e675a-cee0-49bd-a056-daa7ed05bf4e/resourceGroups/nationalparks-scottford-rg/providers/Microsoft.Network/publicIPAddresses/nationalparks-pip-0",
                            "ip_configuration.0.subnet_id": "/subscriptions/b02e675a-cee0-49bd-a056-daa7ed05bf4e/resourceGroups/nationalparks-scottford-rg/providers/Microsoft.Network/virtualNetworks/nationalparks-vnet/subnets/nationalparks-subnet",
                            "location": "eastus",
                            "name": "nationalparks-nic0",
                            "network_security_group_id": "/subscriptions/b02e675a-cee0-49bd-a056-daa7ed05bf4e/resourceGroups/nationalparks-scottford-rg/providers/Microsoft.Network/networkSecurityGroups/nationalparks-sg",
                            "private_ip_address": "10.0.10.4",
                            "private_ip_addresses.#": "1",
                            "private_ip_addresses.0": "10.0.10.4",
                            "resource_group_name": "nationalparks-scottford-rg",
                            "tags.%": "3",
                            "tags.X-Application": "national-parks",
                            "tags.X-Contact": "The Example Maintainer \u003cmaintainer@example.com\u003e",
                            "tags.X-ManagedBy": "Terraform"
                        },
                        "meta": {},
                        "tainted": false
                    },
                    "deposed": [],
                    "provider": "provider.azurerm"
                },
                "azurerm_network_interface.nic.1": {
                    "type": "azurerm_network_interface",
                    "depends_on": [
                        "azurerm_network_security_group.sg",
                        "azurerm_public_ip.pip.*",
                        "azurerm_resource_group.rg",
                        "azurerm_subnet.subnet"
                    ],
                    "primary": {
                        "id": "/subscriptions/b02e675a-cee0-49bd-a056-daa7ed05bf4e/resourceGroups/nationalparks-scottford-rg/providers/Microsoft.Network/networkInterfaces/nationalparks-nic1",
                        "attributes": {
                            "applied_dns_servers.#": "0",
                            "dns_servers.#": "0",
                            "enable_accelerated_networking": "false",
                            "enable_ip_forwarding": "false",
                            "id": "/subscriptions/b02e675a-cee0-49bd-a056-daa7ed05bf4e/resourceGroups/nationalparks-scottford-rg/providers/Microsoft.Network/networkInterfaces/nationalparks-nic1",
                            "internal_dns_name_label": "",
                            "ip_configuration.#": "1",
                            "ip_configuration.0.load_balancer_backend_address_pools_ids.#": "0",
                            "ip_configuration.0.load_balancer_inbound_nat_rules_ids.#": "0",
                            "ip_configuration.0.name": "ipconfig1",
                            "ip_configuration.0.primary": "true",
                            "ip_configuration.0.private_ip_address": "",
                            "ip_configuration.0.private_ip_address_allocation": "dynamic",
                            "ip_configuration.0.public_ip_address_id": "/subscriptions/b02e675a-cee0-49bd-a056-daa7ed05bf4e/resourceGroups/nationalparks-scottford-rg/providers/Microsoft.Network/publicIPAddresses/nationalparks-pip-1",
                            "ip_configuration.0.subnet_id": "/subscriptions/b02e675a-cee0-49bd-a056-daa7ed05bf4e/resourceGroups/nationalparks-scottford-rg/providers/Microsoft.Network/virtualNetworks/nationalparks-vnet/subnets/nationalparks-subnet",
                            "location": "eastus",
                            "name": "nationalparks-nic1",
                            "network_security_group_id": "/subscriptions/b02e675a-cee0-49bd-a056-daa7ed05bf4e/resourceGroups/nationalparks-scottford-rg/providers/Microsoft.Network/networkSecurityGroups/nationalparks-sg",
                            "private_ip_address": "10.0.10.6",
                            "private_ip_addresses.#": "1",
                            "private_ip_addresses.0": "10.0.10.6",
                            "resource_group_name": "nationalparks-scottford-rg",
                            "tags.%": "3",
                            "tags.X-Application": "national-parks",
                            "tags.X-Contact": "The Example Maintainer \u003cmaintainer@example.com\u003e",
                            "tags.X-ManagedBy": "Terraform"
                        },
                        "meta": {},
                        "tainted": false
                    },
                    "deposed": [],
                    "provider": "provider.azurerm"
                },
                "azurerm_network_interface.nic.2": {
                    "type": "azurerm_network_interface",
                    "depends_on": [
                        "azurerm_network_security_group.sg",
                        "azurerm_public_ip.pip.*",
                        "azurerm_resource_group.rg",
                        "azurerm_subnet.subnet"
                    ],
                    "primary": {
                        "id": "/subscriptions/b02e675a-cee0-49bd-a056-daa7ed05bf4e/resourceGroups/nationalparks-scottford-rg/providers/Microsoft.Network/networkInterfaces/nationalparks-nic2",
                        "attributes": {
                            "applied_dns_servers.#": "0",
                            "dns_servers.#": "0",
                            "enable_accelerated_networking": "false",
                            "enable_ip_forwarding": "false",
                            "id": "/subscriptions/b02e675a-cee0-49bd-a056-daa7ed05bf4e/resourceGroups/nationalparks-scottford-rg/providers/Microsoft.Network/networkInterfaces/nationalparks-nic2",
                            "internal_dns_name_label": "",
                            "ip_configuration.#": "1",
                            "ip_configuration.0.load_balancer_backend_address_pools_ids.#": "0",
                            "ip_configuration.0.load_balancer_inbound_nat_rules_ids.#": "0",
                            "ip_configuration.0.name": "ipconfig2",
                            "ip_configuration.0.primary": "true",
                            "ip_configuration.0.private_ip_address": "",
                            "ip_configuration.0.private_ip_address_allocation": "dynamic",
                            "ip_configuration.0.public_ip_address_id": "/subscriptions/b02e675a-cee0-49bd-a056-daa7ed05bf4e/resourceGroups/nationalparks-scottford-rg/providers/Microsoft.Network/publicIPAddresses/nationalparks-pip-2",
                            "ip_configuration.0.subnet_id": "/subscriptions/b02e675a-cee0-49bd-a056-daa7ed05bf4e/resourceGroups/nationalparks-scottford-rg/providers/Microsoft.Network/virtualNetworks/nationalparks-vnet/subnets/nationalparks-subnet",
                            "location": "eastus",
                            "name": "nationalparks-nic2",
                            "network_security_group_id": "/subscriptions/b02e675a-cee0-49bd-a056-daa7ed05bf4e/resourceGroups/nationalparks-scottford-rg/providers/Microsoft.Network/networkSecurityGroups/nationalparks-sg",
                            "private_ip_address": "10.0.10.5",
                            "private_ip_addresses.#": "1",
                            "private_ip_addresses.0": "10.0.10.5",
                            "resource_group_name": "nationalparks-scottford-rg",
                            "tags.%": "3",
                            "tags.X-Application": "national-parks",
                            "tags.X-Contact": "The Example Maintainer \u003cmaintainer@example.com\u003e",
                            "tags.X-ManagedBy": "Terraform"
                        },
                        "meta": {},
                        "tainted": false
                    },
                    "deposed": [],
                    "provider": "provider.azurerm"
                },
                "azurerm_network_security_group.sg": {
                    "type": "azurerm_network_security_group",
                    "depends_on": [
                        "azurerm_resource_group.rg"
                    ],
                    "primary": {
                        "id": "/subscriptions/b02e675a-cee0-49bd-a056-daa7ed05bf4e/resourceGroups/nationalparks-scottford-rg/providers/Microsoft.Network/networkSecurityGroups/nationalparks-sg",
                        "attributes": {
                            "id": "/subscriptions/b02e675a-cee0-49bd-a056-daa7ed05bf4e/resourceGroups/nationalparks-scottford-rg/providers/Microsoft.Network/networkSecurityGroups/nationalparks-sg",
                            "location": "eastus",
                            "name": "nationalparks-sg",
                            "resource_group_name": "nationalparks-scottford-rg",
                            "security_rule.#": "6",
                            "security_rule.0.access": "Allow",
                            "security_rule.0.description": "",
                            "security_rule.0.destination_address_prefix": "*",
                            "security_rule.0.destination_port_range": "22",
                            "security_rule.0.direction": "Inbound",
                            "security_rule.0.name": "SSH",
                            "security_rule.0.priority": "1001",
                            "security_rule.0.protocol": "Tcp",
                            "security_rule.0.source_address_prefix": "*",
                            "security_rule.0.source_port_range": "*",
                            "security_rule.1.access": "Allow",
                            "security_rule.1.description": "",
                            "security_rule.1.destination_address_prefix": "*",
                            "security_rule.1.destination_port_range": "8080",
                            "security_rule.1.direction": "Inbound",
                            "security_rule.1.name": "8080",
                            "security_rule.1.priority": "1002",
                            "security_rule.1.protocol": "Tcp",
                            "security_rule.1.source_address_prefix": "*",
                            "security_rule.1.source_port_range": "*",
                            "security_rule.2.access": "Allow",
                            "security_rule.2.description": "",
                            "security_rule.2.destination_address_prefix": "*",
                            "security_rule.2.destination_port_range": "9631",
                            "security_rule.2.direction": "Inbound",
                            "security_rule.2.name": "9631",
                            "security_rule.2.priority": "1003",
                            "security_rule.2.protocol": "*",
                            "security_rule.2.source_address_prefix": "*",
                            "security_rule.2.source_port_range": "*",
                            "security_rule.3.access": "Allow",
                            "security_rule.3.description": "",
                            "security_rule.3.destination_address_prefix": "*",
                            "security_rule.3.destination_port_range": "9638",
                            "security_rule.3.direction": "Inbound",
                            "security_rule.3.name": "9638",
                            "security_rule.3.priority": "1004",
                            "security_rule.3.protocol": "*",
                            "security_rule.3.source_address_prefix": "*",
                            "security_rule.3.source_port_range": "*",
                            "security_rule.4.access": "Allow",
                            "security_rule.4.description": "",
                            "security_rule.4.destination_address_prefix": "*",
                            "security_rule.4.destination_port_range": "27017",
                            "security_rule.4.direction": "Inbound",
                            "security_rule.4.name": "27017",
                            "security_rule.4.priority": "1005",
                            "security_rule.4.protocol": "Tcp",
                            "security_rule.4.source_address_prefix": "*",
                            "security_rule.4.source_port_range": "*",
                            "security_rule.5.access": "Allow",
                            "security_rule.5.description": "",
                            "security_rule.5.destination_address_prefix": "*",
                            "security_rule.5.destination_port_range": "28017",
                            "security_rule.5.direction": "Inbound",
                            "security_rule.5.name": "28017",
                            "security_rule.5.priority": "1006",
                            "security_rule.5.protocol": "Tcp",
                            "security_rule.5.source_address_prefix": "*",
                            "security_rule.5.source_port_range": "*",
                            "tags.%": "3",
                            "tags.X-Application": "national-parks",
                            "tags.X-Contact": "The Example Maintainer \u003cmaintainer@example.com\u003e",
                            "tags.X-ManagedBy": "Terraform"
                        },
                        "meta": {},
                        "tainted": false
                    },
                    "deposed": [],
                    "provider": "provider.azurerm"
                },
                "azurerm_public_ip.pip.0": {
                    "type": "azurerm_public_ip",
                    "depends_on": [
                        "azurerm_resource_group.rg"
                    ],
                    "primary": {
                        "id": "/subscriptions/b02e675a-cee0-49bd-a056-daa7ed05bf4e/resourceGroups/nationalparks-scottford-rg/providers/Microsoft.Network/publicIPAddresses/nationalparks-pip-0",
                        "attributes": {
                            "id": "/subscriptions/b02e675a-cee0-49bd-a056-daa7ed05bf4e/resourceGroups/nationalparks-scottford-rg/providers/Microsoft.Network/publicIPAddresses/nationalparks-pip-0",
                            "ip_address": "52.186.67.172",
                            "location": "eastus",
                            "name": "nationalparks-pip-0",
                            "public_ip_address_allocation": "static",
                            "resource_group_name": "nationalparks-scottford-rg",
                            "sku": "Basic",
                            "tags.%": "3",
                            "tags.X-Application": "national-parks",
                            "tags.X-Contact": "The Example Maintainer \u003cmaintainer@example.com\u003e",
                            "tags.X-ManagedBy": "Terraform"
                        },
                        "meta": {},
                        "tainted": false
                    },
                    "deposed": [],
                    "provider": "provider.azurerm"
                },
                "azurerm_public_ip.pip.1": {
                    "type": "azurerm_public_ip",
                    "depends_on": [
                        "azurerm_resource_group.rg"
                    ],
                    "primary": {
                        "id": "/subscriptions/b02e675a-cee0-49bd-a056-daa7ed05bf4e/resourceGroups/nationalparks-scottford-rg/providers/Microsoft.Network/publicIPAddresses/nationalparks-pip-1",
                        "attributes": {
                            "id": "/subscriptions/b02e675a-cee0-49bd-a056-daa7ed05bf4e/resourceGroups/nationalparks-scottford-rg/providers/Microsoft.Network/publicIPAddresses/nationalparks-pip-1",
                            "ip_address": "52.186.68.172",
                            "location": "eastus",
                            "name": "nationalparks-pip-1",
                            "public_ip_address_allocation": "static",
                            "resource_group_name": "nationalparks-scottford-rg",
                            "sku": "Basic",
                            "tags.%": "3",
                            "tags.X-Application": "national-parks",
                            "tags.X-Contact": "The Example Maintainer \u003cmaintainer@example.com\u003e",
                            "tags.X-ManagedBy": "Terraform"
                        },
                        "meta": {},
                        "tainted": false
                    },
                    "deposed": [],
                    "provider": "provider.azurerm"
                },
                "azurerm_public_ip.pip.2": {
                    "type": "azurerm_public_ip",
                    "depends_on": [
                        "azurerm_resource_group.rg"
                    ],
                    "primary": {
                        "id": "/subscriptions/b02e675a-cee0-49bd-a056-daa7ed05bf4e/resourceGroups/nationalparks-scottford-rg/providers/Microsoft.Network/publicIPAddresses/nationalparks-pip-2",
                        "attributes": {
                            "id": "/subscriptions/b02e675a-cee0-49bd-a056-daa7ed05bf4e/resourceGroups/nationalparks-scottford-rg/providers/Microsoft.Network/publicIPAddresses/nationalparks-pip-2",
                            "ip_address": "52.186.70.145",
                            "location": "eastus",
                            "name": "nationalparks-pip-2",
                            "public_ip_address_allocation": "static",
                            "resource_group_name": "nationalparks-scottford-rg",
                            "sku": "Basic",
                            "tags.%": "3",
                            "tags.X-Application": "national-parks",
                            "tags.X-Contact": "The Example Maintainer \u003cmaintainer@example.com\u003e",
                            "tags.X-ManagedBy": "Terraform"
                        },
                        "meta": {},
                        "tainted": false
                    },
                    "deposed": [],
                    "provider": "provider.azurerm"
                },
                "azurerm_resource_group.rg": {
                    "type": "azurerm_resource_group",
                    "depends_on": [],
                    "primary": {
                        "id": "/subscriptions/b02e675a-cee0-49bd-a056-daa7ed05bf4e/resourceGroups/nationalparks-scottford-rg",
                        "attributes": {
                            "id": "/subscriptions/b02e675a-cee0-49bd-a056-daa7ed05bf4e/resourceGroups/nationalparks-scottford-rg",
                            "location": "eastus",
                            "name": "nationalparks-scottford-rg",
                            "tags.%": "3",
                            "tags.X-Application": "national-parks",
                            "tags.X-Contact": "The Example Maintainer \u003cmaintainer@example.com\u003e",
                            "tags.X-ManagedBy": "Terraform"
                        },
                        "meta": {},
                        "tainted": false
                    },
                    "deposed": [],
                    "provider": "provider.azurerm"
                },
                "azurerm_storage_account.stor": {
                    "type": "azurerm_storage_account",
                    "depends_on": [
                        "azurerm_resource_group.rg",
                        "random_id.randomId"
                    ],
                    "primary": {
                        "id": "/subscriptions/b02e675a-cee0-49bd-a056-daa7ed05bf4e/resourceGroups/nationalparks-scottford-rg/providers/Microsoft.Storage/storageAccounts/stor89bd574181794bdf",
                        "attributes": {
                            "access_tier": "",
                            "account_encryption_source": "Microsoft.Storage",
                            "account_kind": "Storage",
                            "account_replication_type": "LRS",
                            "account_tier": "Standard",
                            "account_type": "Standard_LRS",
                            "enable_blob_encryption": "true",
                            "enable_file_encryption": "true",
                            "enable_https_traffic_only": "false",
                            "id": "/subscriptions/b02e675a-cee0-49bd-a056-daa7ed05bf4e/resourceGroups/nationalparks-scottford-rg/providers/Microsoft.Storage/storageAccounts/stor89bd574181794bdf",
                            "location": "eastus",
                            "name": "stor89bd574181794bdf",
                            "primary_access_key": "RRqeHL0dRmot2k7db9eNYWtWU9dvZaMjRJ/iBRQg6qqzgr77kUMDiJ8mkt2N6FNmu5+A45bZEky+i8Jv2aBThA==",
                            "primary_blob_connection_string": "DefaultEndpointsProtocol=https;BlobEndpoint=https://stor89bd574181794bdf.blob.core.windows.net/;AccountName=stor89bd574181794bdf;AccountKey=RRqeHL0dRmot2k7db9eNYWtWU9dvZaMjRJ/iBRQg6qqzgr77kUMDiJ8mkt2N6FNmu5+A45bZEky+i8Jv2aBThA==",
                            "primary_blob_endpoint": "https://stor89bd574181794bdf.blob.core.windows.net/",
                            "primary_connection_string": "DefaultEndpointsProtocol=https;AccountName=stor89bd574181794bdf;AccountKey=RRqeHL0dRmot2k7db9eNYWtWU9dvZaMjRJ/iBRQg6qqzgr77kUMDiJ8mkt2N6FNmu5+A45bZEky+i8Jv2aBThA==;EndpointSuffix=core.windows.net",
                            "primary_file_endpoint": "https://stor89bd574181794bdf.file.core.windows.net/",
                            "primary_location": "eastus",
                            "primary_queue_endpoint": "https://stor89bd574181794bdf.queue.core.windows.net/",
                            "primary_table_endpoint": "https://stor89bd574181794bdf.table.core.windows.net/",
                            "resource_group_name": "nationalparks-scottford-rg",
                            "secondary_access_key": "HrqZf4ns3QsY9rH0NLcRrRpoRItxl7uFOdAyaCskyU3SSCr2peaO5daxphxYZAQ9YJS4By5QS3UiUVxFt2Bxyw==",
                            "secondary_connection_string": "DefaultEndpointsProtocol=https;AccountName=stor89bd574181794bdf;AccountKey=HrqZf4ns3QsY9rH0NLcRrRpoRItxl7uFOdAyaCskyU3SSCr2peaO5daxphxYZAQ9YJS4By5QS3UiUVxFt2Bxyw==;EndpointSuffix=core.windows.net",
                            "secondary_location": "",
                            "tags.%": "3",
                            "tags.X-Application": "national-parks",
                            "tags.X-Contact": "The Example Maintainer \u003cmaintainer@example.com\u003e",
                            "tags.X-ManagedBy": "Terraform"
                        },
                        "meta": {
                            "schema_version": "2"
                        },
                        "tainted": false
                    },
                    "deposed": [],
                    "provider": "provider.azurerm"
                },
                "azurerm_storage_container.storcont": {
                    "type": "azurerm_storage_container",
                    "depends_on": [
                        "azurerm_resource_group.rg",
                        "azurerm_storage_account.stor"
                    ],
                    "primary": {
                        "id": "vhds",
                        "attributes": {
                            "container_access_type": "private",
                            "id": "vhds",
                            "name": "vhds",
                            "properties.%": "4",
                            "properties.last_modified": "Fri, 23 Feb 2018 18:01:38 GMT",
                            "properties.lease_duration": "",
                            "properties.lease_state": "available",
                            "properties.lease_status": "unlocked",
                            "resource_group_name": "nationalparks-scottford-rg",
                            "storage_account_name": "stor89bd574181794bdf"
                        },
                        "meta": {},
                        "tainted": false
                    },
                    "deposed": [],
                    "provider": "provider.azurerm"
                },
                "azurerm_subnet.subnet": {
                    "type": "azurerm_subnet",
                    "depends_on": [
                        "azurerm_resource_group.rg",
                        "azurerm_virtual_network.vnet"
                    ],
                    "primary": {
                        "id": "/subscriptions/b02e675a-cee0-49bd-a056-daa7ed05bf4e/resourceGroups/nationalparks-scottford-rg/providers/Microsoft.Network/virtualNetworks/nationalparks-vnet/subnets/nationalparks-subnet",
                        "attributes": {
                            "address_prefix": "10.0.10.0/24",
                            "id": "/subscriptions/b02e675a-cee0-49bd-a056-daa7ed05bf4e/resourceGroups/nationalparks-scottford-rg/providers/Microsoft.Network/virtualNetworks/nationalparks-vnet/subnets/nationalparks-subnet",
                            "ip_configurations.#": "0",
                            "name": "nationalparks-subnet",
                            "resource_group_name": "nationalparks-scottford-rg",
                            "service_endpoints.#": "0",
                            "virtual_network_name": "nationalparks-vnet"
                        },
                        "meta": {},
                        "tainted": false
                    },
                    "deposed": [],
                    "provider": "provider.azurerm"
                },
                "azurerm_virtual_machine.app": {
                    "type": "azurerm_virtual_machine",
                    "depends_on": [
                        "azurerm_network_interface.nic.2",
                        "azurerm_public_ip.pip",
                        "azurerm_public_ip.pip.2",
                        "azurerm_resource_group.rg",
                        "azurerm_storage_account.stor",
                        "azurerm_storage_container.storcont",
                        "azurerm_virtual_machine.mongodb"
                    ],
                    "primary": {
                        "id": "/subscriptions/b02e675a-cee0-49bd-a056-daa7ed05bf4e/resourceGroups/nationalparks-scottford-rg/providers/Microsoft.Compute/virtualMachines/nationalparks-app",
                        "attributes": {
                            "boot_diagnostics.#": "1",
                            "boot_diagnostics.0.enabled": "true",
                            "boot_diagnostics.0.storage_uri": "https://stor89bd574181794bdf.blob.core.windows.net/",
                            "delete_data_disks_on_termination": "false",
                            "delete_os_disk_on_termination": "true",
                            "id": "/subscriptions/b02e675a-cee0-49bd-a056-daa7ed05bf4e/resourceGroups/nationalparks-scottford-rg/providers/Microsoft.Compute/virtualMachines/nationalparks-app",
                            "identity.#": "0",
                            "location": "eastus",
                            "name": "nationalparks-app",
                            "network_interface_ids.#": "1",
                            "network_interface_ids.0": "/subscriptions/b02e675a-cee0-49bd-a056-daa7ed05bf4e/resourceGroups/nationalparks-scottford-rg/providers/Microsoft.Network/networkInterfaces/nationalparks-nic2",
                            "os_profile.#": "1",
                            "os_profile.3465089036.admin_password": "",
                            "os_profile.3465089036.admin_username": "azureuser",
                            "os_profile.3465089036.computer_name": "nationalparks-app",
                            "os_profile.3465089036.custom_data": "",
                            "os_profile_linux_config.#": "1",
                            "os_profile_linux_config.2972667452.disable_password_authentication": "false",
                            "os_profile_linux_config.2972667452.ssh_keys.#": "1",
                            "os_profile_linux_config.2972667452.ssh_keys.0.key_data": "ssh-rsa AAAAB3NzaC1yc2EAAAADAQABAAABAQCntvjZ0h1J7aUAGFd/J9FMOfq2MP0ym2nVxSNn/ojK/iSShoQjYvw2jnDvvnz8k20V10Yd98/oVb6Y6KzYxvxEHYaoWhYU7+luEalKVl1v9oIPHzSdd86k8ixr6AWWGi7kItYu6ZOLPco2vFC09JJOkS1/+fTSDuayZbFh+WxMcEElTxsMZSh9jZYgONcDard8pGw6QnJrVa+9a81QQsaPTguhDJtWyUnmRsfEESiSMF1VvR8bvRq6CB4iDRE8JYaHT3ZrWjJtBmXCv4+lxD3wBqK/MYshp6bZ0CcpeB+kunfSUky7DsvvchosfIrwHvV3SZiv7aPd49kBT9ru397X scottford@sford-macbook\n",
                            "os_profile_linux_config.2972667452.ssh_keys.0.path": "/home/azureuser/.ssh/authorized_keys",
                            "os_profile_secrets.#": "0",
                            "resource_group_name": "nationalparks-scottford-rg",
                            "storage_data_disk.#": "0",
                            "storage_image_reference.#": "1",
                            "storage_image_reference.363552096.id": "",
                            "storage_image_reference.363552096.offer": "UbuntuServer",
                            "storage_image_reference.363552096.publisher": "Canonical",
                            "storage_image_reference.363552096.sku": "16.04.0-LTS",
                            "storage_image_reference.363552096.version": "latest",
                            "storage_os_disk.#": "1",
                            "storage_os_disk.0.caching": "ReadWrite",
                            "storage_os_disk.0.create_option": "FromImage",
                            "storage_os_disk.0.disk_size_gb": "29",
                            "storage_os_disk.0.image_uri": "",
                            "storage_os_disk.0.managed_disk_id": "",
                            "storage_os_disk.0.managed_disk_type": "",
                            "storage_os_disk.0.name": "nationalparks-app-osdisk",
                            "storage_os_disk.0.os_type": "Linux",
                            "storage_os_disk.0.vhd_uri": "https://stor89bd574181794bdf.blob.core.windows.net/vhds/nationalparks-app-osdisk.vhd",
                            "tags.%": "3",
                            "tags.X-Application": "national-parks",
                            "tags.X-Contact": "The Example Maintainer \u003cmaintainer@example.com\u003e",
                            "tags.X-ManagedBy": "Terraform",
                            "vm_size": "Standard_DS1_v2"
                        },
                        "meta": {},
                        "tainted": false
                    },
                    "deposed": [],
                    "provider": "provider.azurerm"
                },
                "azurerm_virtual_machine.initial-peer": {
                    "type": "azurerm_virtual_machine",
                    "depends_on": [
                        "azurerm_network_interface.nic",
                        "azurerm_public_ip.pip",
                        "azurerm_resource_group.rg",
                        "azurerm_storage_account.stor",
                        "azurerm_storage_container.storcont"
                    ],
                    "primary": {
                        "id": "/subscriptions/b02e675a-cee0-49bd-a056-daa7ed05bf4e/resourceGroups/nationalparks-scottford-rg/providers/Microsoft.Compute/virtualMachines/nationalparks-initialpeer",
                        "attributes": {
                            "boot_diagnostics.#": "1",
                            "boot_diagnostics.0.enabled": "true",
                            "boot_diagnostics.0.storage_uri": "https://stor89bd574181794bdf.blob.core.windows.net/",
                            "delete_data_disks_on_termination": "false",
                            "delete_os_disk_on_termination": "true",
                            "id": "/subscriptions/b02e675a-cee0-49bd-a056-daa7ed05bf4e/resourceGroups/nationalparks-scottford-rg/providers/Microsoft.Compute/virtualMachines/nationalparks-initialpeer",
                            "identity.#": "0",
                            "location": "eastus",
                            "name": "nationalparks-initialpeer",
                            "network_interface_ids.#": "1",
                            "network_interface_ids.0": "/subscriptions/b02e675a-cee0-49bd-a056-daa7ed05bf4e/resourceGroups/nationalparks-scottford-rg/providers/Microsoft.Network/networkInterfaces/nationalparks-nic0",
                            "os_profile.#": "1",
                            "os_profile.3149667242.admin_password": "",
                            "os_profile.3149667242.admin_username": "azureuser",
                            "os_profile.3149667242.computer_name": "nationalparks-initialpeer",
                            "os_profile.3149667242.custom_data": "",
                            "os_profile_linux_config.#": "1",
                            "os_profile_linux_config.2972667452.disable_password_authentication": "false",
                            "os_profile_linux_config.2972667452.ssh_keys.#": "1",
                            "os_profile_linux_config.2972667452.ssh_keys.0.key_data": "ssh-rsa AAAAB3NzaC1yc2EAAAADAQABAAABAQCntvjZ0h1J7aUAGFd/J9FMOfq2MP0ym2nVxSNn/ojK/iSShoQjYvw2jnDvvnz8k20V10Yd98/oVb6Y6KzYxvxEHYaoWhYU7+luEalKVl1v9oIPHzSdd86k8ixr6AWWGi7kItYu6ZOLPco2vFC09JJOkS1/+fTSDuayZbFh+WxMcEElTxsMZSh9jZYgONcDard8pGw6QnJrVa+9a81QQsaPTguhDJtWyUnmRsfEESiSMF1VvR8bvRq6CB4iDRE8JYaHT3ZrWjJtBmXCv4+lxD3wBqK/MYshp6bZ0CcpeB+kunfSUky7DsvvchosfIrwHvV3SZiv7aPd49kBT9ru397X scottford@sford-macbook\n",
                            "os_profile_linux_config.2972667452.ssh_keys.0.path": "/home/azureuser/.ssh/authorized_keys",
                            "os_profile_secrets.#": "0",
                            "resource_group_name": "nationalparks-scottford-rg",
                            "storage_data_disk.#": "0",
                            "storage_image_reference.#": "1",
                            "storage_image_reference.363552096.id": "",
                            "storage_image_reference.363552096.offer": "UbuntuServer",
                            "storage_image_reference.363552096.publisher": "Canonical",
                            "storage_image_reference.363552096.sku": "16.04.0-LTS",
                            "storage_image_reference.363552096.version": "latest",
                            "storage_os_disk.#": "1",
                            "storage_os_disk.0.caching": "ReadWrite",
                            "storage_os_disk.0.create_option": "FromImage",
                            "storage_os_disk.0.disk_size_gb": "29",
                            "storage_os_disk.0.image_uri": "",
                            "storage_os_disk.0.managed_disk_id": "",
                            "storage_os_disk.0.managed_disk_type": "",
                            "storage_os_disk.0.name": "nationalparks-initialpeer-osdisk",
                            "storage_os_disk.0.os_type": "Linux",
                            "storage_os_disk.0.vhd_uri": "https://stor89bd574181794bdf.blob.core.windows.net/vhds/nationalparks-initialpeer-osdisk.vhd",
                            "tags.%": "3",
                            "tags.X-Application": "national-parks",
                            "tags.X-Contact": "The Example Maintainer \u003cmaintainer@example.com\u003e",
                            "tags.X-ManagedBy": "Terraform",
                            "vm_size": "Standard_DS1_v2"
                        },
                        "meta": {},
                        "tainted": false
                    },
                    "deposed": [],
                    "provider": "provider.azurerm"
                },
                "azurerm_virtual_machine.mongodb": {
                    "type": "azurerm_virtual_machine",
                    "depends_on": [
                        "azurerm_network_interface.nic.1",
                        "azurerm_public_ip.pip",
                        "azurerm_public_ip.pip.1",
                        "azurerm_resource_group.rg",
                        "azurerm_storage_account.stor",
                        "azurerm_storage_container.storcont",
                        "azurerm_virtual_machine.initial-peer"
                    ],
                    "primary": {
                        "id": "/subscriptions/b02e675a-cee0-49bd-a056-daa7ed05bf4e/resourceGroups/nationalparks-scottford-rg/providers/Microsoft.Compute/virtualMachines/nationalparks-mongodb",
                        "attributes": {
                            "boot_diagnostics.#": "1",
                            "boot_diagnostics.0.enabled": "true",
                            "boot_diagnostics.0.storage_uri": "https://stor89bd574181794bdf.blob.core.windows.net/",
                            "delete_data_disks_on_termination": "false",
                            "delete_os_disk_on_termination": "true",
                            "id": "/subscriptions/b02e675a-cee0-49bd-a056-daa7ed05bf4e/resourceGroups/nationalparks-scottford-rg/providers/Microsoft.Compute/virtualMachines/nationalparks-mongodb",
                            "identity.#": "0",
                            "location": "eastus",
                            "name": "nationalparks-mongodb",
                            "network_interface_ids.#": "1",
                            "network_interface_ids.0": "/subscriptions/b02e675a-cee0-49bd-a056-daa7ed05bf4e/resourceGroups/nationalparks-scottford-rg/providers/Microsoft.Network/networkInterfaces/nationalparks-nic1",
                            "os_profile.#": "1",
                            "os_profile.838862067.admin_password": "",
                            "os_profile.838862067.admin_username": "azureuser",
                            "os_profile.838862067.computer_name": "nationalparks-mongodb",
                            "os_profile.838862067.custom_data": "",
                            "os_profile_linux_config.#": "1",
                            "os_profile_linux_config.2972667452.disable_password_authentication": "false",
                            "os_profile_linux_config.2972667452.ssh_keys.#": "1",
                            "os_profile_linux_config.2972667452.ssh_keys.0.key_data": "ssh-rsa AAAAB3NzaC1yc2EAAAADAQABAAABAQCntvjZ0h1J7aUAGFd/J9FMOfq2MP0ym2nVxSNn/ojK/iSShoQjYvw2jnDvvnz8k20V10Yd98/oVb6Y6KzYxvxEHYaoWhYU7+luEalKVl1v9oIPHzSdd86k8ixr6AWWGi7kItYu6ZOLPco2vFC09JJOkS1/+fTSDuayZbFh+WxMcEElTxsMZSh9jZYgONcDard8pGw6QnJrVa+9a81QQsaPTguhDJtWyUnmRsfEESiSMF1VvR8bvRq6CB4iDRE8JYaHT3ZrWjJtBmXCv4+lxD3wBqK/MYshp6bZ0CcpeB+kunfSUky7DsvvchosfIrwHvV3SZiv7aPd49kBT9ru397X scottford@sford-macbook\n",
                            "os_profile_linux_config.2972667452.ssh_keys.0.path": "/home/azureuser/.ssh/authorized_keys",
                            "os_profile_secrets.#": "0",
                            "resource_group_name": "nationalparks-scottford-rg",
                            "storage_data_disk.#": "0",
                            "storage_image_reference.#": "1",
                            "storage_image_reference.363552096.id": "",
                            "storage_image_reference.363552096.offer": "UbuntuServer",
                            "storage_image_reference.363552096.publisher": "Canonical",
                            "storage_image_reference.363552096.sku": "16.04.0-LTS",
                            "storage_image_reference.363552096.version": "latest",
                            "storage_os_disk.#": "1",
                            "storage_os_disk.0.caching": "ReadWrite",
                            "storage_os_disk.0.create_option": "FromImage",
                            "storage_os_disk.0.disk_size_gb": "29",
                            "storage_os_disk.0.image_uri": "",
                            "storage_os_disk.0.managed_disk_id": "",
                            "storage_os_disk.0.managed_disk_type": "",
                            "storage_os_disk.0.name": "nationalparks-mongodb-osdisk",
                            "storage_os_disk.0.os_type": "Linux",
                            "storage_os_disk.0.vhd_uri": "https://stor89bd574181794bdf.blob.core.windows.net/vhds/nationalparks-mongodb-osdisk.vhd",
                            "tags.%": "3",
                            "tags.X-Application": "national-parks",
                            "tags.X-Contact": "The Example Maintainer \u003cmaintainer@example.com\u003e",
                            "tags.X-ManagedBy": "Terraform",
                            "vm_size": "Standard_DS1_v2"
                        },
                        "meta": {},
                        "tainted": false
                    },
                    "deposed": [],
                    "provider": "provider.azurerm"
                },
                "azurerm_virtual_network.vnet": {
                    "type": "azurerm_virtual_network",
                    "depends_on": [
                        "azurerm_resource_group.rg"
                    ],
                    "primary": {
                        "id": "/subscriptions/b02e675a-cee0-49bd-a056-daa7ed05bf4e/resourceGroups/nationalparks-scottford-rg/providers/Microsoft.Network/virtualNetworks/nationalparks-vnet",
                        "attributes": {
                            "address_space.#": "1",
                            "address_space.0": "10.0.0.0/16",
                            "dns_servers.#": "0",
                            "id": "/subscriptions/b02e675a-cee0-49bd-a056-daa7ed05bf4e/resourceGroups/nationalparks-scottford-rg/providers/Microsoft.Network/virtualNetworks/nationalparks-vnet",
                            "location": "eastus",
                            "name": "nationalparks-vnet",
                            "resource_group_name": "nationalparks-scottford-rg",
                            "subnet.#": "0",
                            "tags.%": "3",
                            "tags.X-Application": "national-parks",
                            "tags.X-Contact": "The Example Maintainer \u003cmaintainer@example.com\u003e",
                            "tags.X-ManagedBy": "Terraform"
                        },
                        "meta": {},
                        "tainted": false
                    },
                    "deposed": [],
                    "provider": "provider.azurerm"
                },
                "random_id.randomId": {
                    "type": "random_id",
                    "depends_on": [
                        "azurerm_resource_group.rg"
                    ],
                    "primary": {
                        "id": "ib1XQYF5S98",
                        "attributes": {
                            "b64": "ib1XQYF5S98",
                            "b64_std": "ib1XQYF5S98=",
                            "b64_url": "ib1XQYF5S98",
                            "byte_length": "8",
                            "dec": "9925185092651142111",
                            "hex": "89bd574181794bdf",
                            "id": "ib1XQYF5S98",
                            "keepers.%": "1",
                            "keepers.resource_group": "nationalparks-scottford-rg"
                        },
                        "meta": {},
                        "tainted": false
                    },
                    "deposed": [],
                    "provider": "provider.random"
                }
            },
            "depends_on": []
        }
    ]
}
